// !$*UTF8*$!
{
	archiveVersion = 1;
	classes = {
	};
	objectVersion = 50;
	objects = {

/* Begin PBXBuildFile section */
		7731C8E0241289FA00867EA7 /* AppDelegate.swift in Sources */ = {isa = PBXBuildFile; fileRef = 7731C8DF241289FA00867EA7 /* AppDelegate.swift */; };
		7731C8E2241289FA00867EA7 /* SceneDelegate.swift in Sources */ = {isa = PBXBuildFile; fileRef = 7731C8E1241289FA00867EA7 /* SceneDelegate.swift */; };
		7731C8E7241289FA00867EA7 /* Main.storyboard in Resources */ = {isa = PBXBuildFile; fileRef = 7731C8E5241289FA00867EA7 /* Main.storyboard */; };
		7731C8E9241289FC00867EA7 /* Assets.xcassets in Resources */ = {isa = PBXBuildFile; fileRef = 7731C8E8241289FC00867EA7 /* Assets.xcassets */; };
		7731C8EC241289FC00867EA7 /* LaunchScreen.storyboard in Resources */ = {isa = PBXBuildFile; fileRef = 7731C8EA241289FC00867EA7 /* LaunchScreen.storyboard */; };
		7731C902241289FC00867EA7 /* RickMortyUniverseUITests.swift in Sources */ = {isa = PBXBuildFile; fileRef = 7731C901241289FC00867EA7 /* RickMortyUniverseUITests.swift */; };
		7731C91A24128CDA00867EA7 /* Coordinator.swift in Sources */ = {isa = PBXBuildFile; fileRef = 7731C91924128CDA00867EA7 /* Coordinator.swift */; };
		7731C91C24128CE100867EA7 /* Storyboarded.swift in Sources */ = {isa = PBXBuildFile; fileRef = 7731C91B24128CE100867EA7 /* Storyboarded.swift */; };
		7731C91F24128CF900867EA7 /* CharactersViewController.swift in Sources */ = {isa = PBXBuildFile; fileRef = 7731C91E24128CF900867EA7 /* CharactersViewController.swift */; };
		7731C92124128D0300867EA7 /* CharactersViewModel.swift in Sources */ = {isa = PBXBuildFile; fileRef = 7731C92024128D0300867EA7 /* CharactersViewModel.swift */; };
		7731C92524128D2600867EA7 /* EpisodesViewController.swift in Sources */ = {isa = PBXBuildFile; fileRef = 7731C92424128D2600867EA7 /* EpisodesViewController.swift */; };
		7731C92724128D2E00867EA7 /* EpisodesViewModel.swift in Sources */ = {isa = PBXBuildFile; fileRef = 7731C92624128D2E00867EA7 /* EpisodesViewModel.swift */; };
		7731C92924128D3800867EA7 /* LocationsViewController.swift in Sources */ = {isa = PBXBuildFile; fileRef = 7731C92824128D3800867EA7 /* LocationsViewController.swift */; };
		7731C92B24128D4000867EA7 /* LocationsViewModel.swift in Sources */ = {isa = PBXBuildFile; fileRef = 7731C92A24128D4000867EA7 /* LocationsViewModel.swift */; };
		7731C92F24128D6B00867EA7 /* SettingsViewModel.swift in Sources */ = {isa = PBXBuildFile; fileRef = 7731C92E24128D6B00867EA7 /* SettingsViewModel.swift */; };
		7731C93124128D7400867EA7 /* SettingsViewController.swift in Sources */ = {isa = PBXBuildFile; fileRef = 7731C93024128D7400867EA7 /* SettingsViewController.swift */; };
		7731C93624128D9700867EA7 /* CharacterDetailViewController.swift in Sources */ = {isa = PBXBuildFile; fileRef = 7731C93524128D9700867EA7 /* CharacterDetailViewController.swift */; };
		7731C93824128DA000867EA7 /* CharacterDetailViewModel.swift in Sources */ = {isa = PBXBuildFile; fileRef = 7731C93724128DA000867EA7 /* CharacterDetailViewModel.swift */; };
		7731C93A24128DA900867EA7 /* LocationDetailViewController.swift in Sources */ = {isa = PBXBuildFile; fileRef = 7731C93924128DA900867EA7 /* LocationDetailViewController.swift */; };
		7731C93C24128DB400867EA7 /* LocationDetailViewModel.swift in Sources */ = {isa = PBXBuildFile; fileRef = 7731C93B24128DB400867EA7 /* LocationDetailViewModel.swift */; };
		7731C93E24128DBF00867EA7 /* EpisodeDetailViewController.swift in Sources */ = {isa = PBXBuildFile; fileRef = 7731C93D24128DBF00867EA7 /* EpisodeDetailViewController.swift */; };
		7731C94024128DC900867EA7 /* EpisodeDetailViewModel.swift in Sources */ = {isa = PBXBuildFile; fileRef = 7731C93F24128DC900867EA7 /* EpisodeDetailViewModel.swift */; };
		7731C94224128DDF00867EA7 /* Character.swift in Sources */ = {isa = PBXBuildFile; fileRef = 7731C94124128DDF00867EA7 /* Character.swift */; };
		7731C94424128DE400867EA7 /* Location.swift in Sources */ = {isa = PBXBuildFile; fileRef = 7731C94324128DE400867EA7 /* Location.swift */; };
		7731C94624128DEA00867EA7 /* Episode.swift in Sources */ = {isa = PBXBuildFile; fileRef = 7731C94524128DEA00867EA7 /* Episode.swift */; };
		7731C94824128DFC00867EA7 /* ViewModel.swift in Sources */ = {isa = PBXBuildFile; fileRef = 7731C94724128DFC00867EA7 /* ViewModel.swift */; };
		7731C94A24128E0400867EA7 /* ModeledViewController.swift in Sources */ = {isa = PBXBuildFile; fileRef = 7731C94924128E0400867EA7 /* ModeledViewController.swift */; };
		7731C94D24128E2700867EA7 /* AppCoordinator.swift in Sources */ = {isa = PBXBuildFile; fileRef = 7731C94C24128E2700867EA7 /* AppCoordinator.swift */; };
		7731C94F24128E3500867EA7 /* CharactersCoordinator.swift in Sources */ = {isa = PBXBuildFile; fileRef = 7731C94E24128E3500867EA7 /* CharactersCoordinator.swift */; };
		7731C95124128E4000867EA7 /* LocationsCoordinator.swift in Sources */ = {isa = PBXBuildFile; fileRef = 7731C95024128E4000867EA7 /* LocationsCoordinator.swift */; };
		7731C95324128E4900867EA7 /* EpisodesCoordinator.swift in Sources */ = {isa = PBXBuildFile; fileRef = 7731C95224128E4900867EA7 /* EpisodesCoordinator.swift */; };
		7731C95524128E5000867EA7 /* SettingsCoordinator.swift in Sources */ = {isa = PBXBuildFile; fileRef = 7731C95424128E5000867EA7 /* SettingsCoordinator.swift */; };
		7731C95724128E6300867EA7 /* LocationDetailCoordinator.swift in Sources */ = {isa = PBXBuildFile; fileRef = 7731C95624128E6300867EA7 /* LocationDetailCoordinator.swift */; };
		7731C95924128E6D00867EA7 /* EpisodeDetailCoordinator.swift in Sources */ = {isa = PBXBuildFile; fileRef = 7731C95824128E6D00867EA7 /* EpisodeDetailCoordinator.swift */; };
		7731C95B24128E7600867EA7 /* CharacterDetailCoordinator.swift in Sources */ = {isa = PBXBuildFile; fileRef = 7731C95A24128E7600867EA7 /* CharacterDetailCoordinator.swift */; };
		7731C95E24128EE000867EA7 /* Errors.swift in Sources */ = {isa = PBXBuildFile; fileRef = 7731C95D24128EE000867EA7 /* Errors.swift */; };
		7731C960241299AF00867EA7 /* RMNavigationController.swift in Sources */ = {isa = PBXBuildFile; fileRef = 7731C95F241299AF00867EA7 /* RMNavigationController.swift */; };
		7731C96224129BD500867EA7 /* Constants.swift in Sources */ = {isa = PBXBuildFile; fileRef = 7731C96124129BD500867EA7 /* Constants.swift */; };
		7731C96524129CE400867EA7 /* Localizable.strings in Resources */ = {isa = PBXBuildFile; fileRef = 7731C96724129CE400867EA7 /* Localizable.strings */; };
		7731C96924129E1600867EA7 /* TestSceneDelegate.swift in Sources */ = {isa = PBXBuildFile; fileRef = 7731C96824129E1600867EA7 /* TestSceneDelegate.swift */; };
		7731C96D24129E6C00867EA7 /* CoordinatorMock.swift in Sources */ = {isa = PBXBuildFile; fileRef = 7731C96C24129E6C00867EA7 /* CoordinatorMock.swift */; };
		7731C96F2412A01900867EA7 /* CoordinatorTests.swift in Sources */ = {isa = PBXBuildFile; fileRef = 7731C96E2412A01900867EA7 /* CoordinatorTests.swift */; };
/* End PBXBuildFile section */

/* Begin PBXContainerItemProxy section */
		7731C8F3241289FC00867EA7 /* PBXContainerItemProxy */ = {
			isa = PBXContainerItemProxy;
			containerPortal = 7731C8D4241289FA00867EA7 /* Project object */;
			proxyType = 1;
			remoteGlobalIDString = 7731C8DB241289FA00867EA7;
			remoteInfo = RickMortyUniverse;
		};
		7731C8FE241289FC00867EA7 /* PBXContainerItemProxy */ = {
			isa = PBXContainerItemProxy;
			containerPortal = 7731C8D4241289FA00867EA7 /* Project object */;
			proxyType = 1;
			remoteGlobalIDString = 7731C8DB241289FA00867EA7;
			remoteInfo = RickMortyUniverse;
		};
/* End PBXContainerItemProxy section */

/* Begin PBXFileReference section */
		7731C8DC241289FA00867EA7 /* RickMortyUniverse.app */ = {isa = PBXFileReference; explicitFileType = wrapper.application; includeInIndex = 0; path = RickMortyUniverse.app; sourceTree = BUILT_PRODUCTS_DIR; };
		7731C8DF241289FA00867EA7 /* AppDelegate.swift */ = {isa = PBXFileReference; lastKnownFileType = sourcecode.swift; path = AppDelegate.swift; sourceTree = "<group>"; };
		7731C8E1241289FA00867EA7 /* SceneDelegate.swift */ = {isa = PBXFileReference; lastKnownFileType = sourcecode.swift; path = SceneDelegate.swift; sourceTree = "<group>"; };
		7731C8E6241289FA00867EA7 /* Base */ = {isa = PBXFileReference; lastKnownFileType = file.storyboard; name = Base; path = Base.lproj/Main.storyboard; sourceTree = "<group>"; };
		7731C8E8241289FC00867EA7 /* Assets.xcassets */ = {isa = PBXFileReference; lastKnownFileType = folder.assetcatalog; path = Assets.xcassets; sourceTree = "<group>"; };
		7731C8EB241289FC00867EA7 /* Base */ = {isa = PBXFileReference; lastKnownFileType = file.storyboard; name = Base; path = Base.lproj/LaunchScreen.storyboard; sourceTree = "<group>"; };
		7731C8ED241289FC00867EA7 /* Info.plist */ = {isa = PBXFileReference; lastKnownFileType = text.plist.xml; path = Info.plist; sourceTree = "<group>"; };
		7731C8F2241289FC00867EA7 /* RickMortyUniverseTests.xctest */ = {isa = PBXFileReference; explicitFileType = wrapper.cfbundle; includeInIndex = 0; path = RickMortyUniverseTests.xctest; sourceTree = BUILT_PRODUCTS_DIR; };
		7731C8F8241289FC00867EA7 /* Info.plist */ = {isa = PBXFileReference; lastKnownFileType = text.plist.xml; path = Info.plist; sourceTree = "<group>"; };
		7731C8FD241289FC00867EA7 /* RickMortyUniverseUITests.xctest */ = {isa = PBXFileReference; explicitFileType = wrapper.cfbundle; includeInIndex = 0; path = RickMortyUniverseUITests.xctest; sourceTree = BUILT_PRODUCTS_DIR; };
		7731C901241289FC00867EA7 /* RickMortyUniverseUITests.swift */ = {isa = PBXFileReference; lastKnownFileType = sourcecode.swift; path = RickMortyUniverseUITests.swift; sourceTree = "<group>"; };
		7731C903241289FC00867EA7 /* Info.plist */ = {isa = PBXFileReference; lastKnownFileType = text.plist.xml; path = Info.plist; sourceTree = "<group>"; };
		7731C91924128CDA00867EA7 /* Coordinator.swift */ = {isa = PBXFileReference; lastKnownFileType = sourcecode.swift; path = Coordinator.swift; sourceTree = "<group>"; };
		7731C91B24128CE100867EA7 /* Storyboarded.swift */ = {isa = PBXFileReference; lastKnownFileType = sourcecode.swift; path = Storyboarded.swift; sourceTree = "<group>"; };
		7731C91E24128CF900867EA7 /* CharactersViewController.swift */ = {isa = PBXFileReference; lastKnownFileType = sourcecode.swift; path = CharactersViewController.swift; sourceTree = "<group>"; };
		7731C92024128D0300867EA7 /* CharactersViewModel.swift */ = {isa = PBXFileReference; lastKnownFileType = sourcecode.swift; path = CharactersViewModel.swift; sourceTree = "<group>"; };
		7731C92424128D2600867EA7 /* EpisodesViewController.swift */ = {isa = PBXFileReference; lastKnownFileType = sourcecode.swift; path = EpisodesViewController.swift; sourceTree = "<group>"; };
		7731C92624128D2E00867EA7 /* EpisodesViewModel.swift */ = {isa = PBXFileReference; lastKnownFileType = sourcecode.swift; path = EpisodesViewModel.swift; sourceTree = "<group>"; };
		7731C92824128D3800867EA7 /* LocationsViewController.swift */ = {isa = PBXFileReference; lastKnownFileType = sourcecode.swift; path = LocationsViewController.swift; sourceTree = "<group>"; };
		7731C92A24128D4000867EA7 /* LocationsViewModel.swift */ = {isa = PBXFileReference; lastKnownFileType = sourcecode.swift; path = LocationsViewModel.swift; sourceTree = "<group>"; };
		7731C92E24128D6B00867EA7 /* SettingsViewModel.swift */ = {isa = PBXFileReference; lastKnownFileType = sourcecode.swift; path = SettingsViewModel.swift; sourceTree = "<group>"; };
		7731C93024128D7400867EA7 /* SettingsViewController.swift */ = {isa = PBXFileReference; lastKnownFileType = sourcecode.swift; path = SettingsViewController.swift; sourceTree = "<group>"; };
		7731C93524128D9700867EA7 /* CharacterDetailViewController.swift */ = {isa = PBXFileReference; lastKnownFileType = sourcecode.swift; path = CharacterDetailViewController.swift; sourceTree = "<group>"; };
		7731C93724128DA000867EA7 /* CharacterDetailViewModel.swift */ = {isa = PBXFileReference; lastKnownFileType = sourcecode.swift; path = CharacterDetailViewModel.swift; sourceTree = "<group>"; };
		7731C93924128DA900867EA7 /* LocationDetailViewController.swift */ = {isa = PBXFileReference; lastKnownFileType = sourcecode.swift; path = LocationDetailViewController.swift; sourceTree = "<group>"; };
		7731C93B24128DB400867EA7 /* LocationDetailViewModel.swift */ = {isa = PBXFileReference; lastKnownFileType = sourcecode.swift; path = LocationDetailViewModel.swift; sourceTree = "<group>"; };
		7731C93D24128DBF00867EA7 /* EpisodeDetailViewController.swift */ = {isa = PBXFileReference; lastKnownFileType = sourcecode.swift; path = EpisodeDetailViewController.swift; sourceTree = "<group>"; };
		7731C93F24128DC900867EA7 /* EpisodeDetailViewModel.swift */ = {isa = PBXFileReference; lastKnownFileType = sourcecode.swift; path = EpisodeDetailViewModel.swift; sourceTree = "<group>"; };
		7731C94124128DDF00867EA7 /* Character.swift */ = {isa = PBXFileReference; lastKnownFileType = sourcecode.swift; path = Character.swift; sourceTree = "<group>"; };
		7731C94324128DE400867EA7 /* Location.swift */ = {isa = PBXFileReference; lastKnownFileType = sourcecode.swift; path = Location.swift; sourceTree = "<group>"; };
		7731C94524128DEA00867EA7 /* Episode.swift */ = {isa = PBXFileReference; lastKnownFileType = sourcecode.swift; path = Episode.swift; sourceTree = "<group>"; };
		7731C94724128DFC00867EA7 /* ViewModel.swift */ = {isa = PBXFileReference; lastKnownFileType = sourcecode.swift; path = ViewModel.swift; sourceTree = "<group>"; };
		7731C94924128E0400867EA7 /* ModeledViewController.swift */ = {isa = PBXFileReference; lastKnownFileType = sourcecode.swift; path = ModeledViewController.swift; sourceTree = "<group>"; };
		7731C94C24128E2700867EA7 /* AppCoordinator.swift */ = {isa = PBXFileReference; lastKnownFileType = sourcecode.swift; path = AppCoordinator.swift; sourceTree = "<group>"; };
		7731C94E24128E3500867EA7 /* CharactersCoordinator.swift */ = {isa = PBXFileReference; lastKnownFileType = sourcecode.swift; path = CharactersCoordinator.swift; sourceTree = "<group>"; };
		7731C95024128E4000867EA7 /* LocationsCoordinator.swift */ = {isa = PBXFileReference; lastKnownFileType = sourcecode.swift; path = LocationsCoordinator.swift; sourceTree = "<group>"; };
		7731C95224128E4900867EA7 /* EpisodesCoordinator.swift */ = {isa = PBXFileReference; lastKnownFileType = sourcecode.swift; path = EpisodesCoordinator.swift; sourceTree = "<group>"; };
		7731C95424128E5000867EA7 /* SettingsCoordinator.swift */ = {isa = PBXFileReference; lastKnownFileType = sourcecode.swift; path = SettingsCoordinator.swift; sourceTree = "<group>"; };
		7731C95624128E6300867EA7 /* LocationDetailCoordinator.swift */ = {isa = PBXFileReference; lastKnownFileType = sourcecode.swift; path = LocationDetailCoordinator.swift; sourceTree = "<group>"; };
		7731C95824128E6D00867EA7 /* EpisodeDetailCoordinator.swift */ = {isa = PBXFileReference; lastKnownFileType = sourcecode.swift; path = EpisodeDetailCoordinator.swift; sourceTree = "<group>"; };
		7731C95A24128E7600867EA7 /* CharacterDetailCoordinator.swift */ = {isa = PBXFileReference; lastKnownFileType = sourcecode.swift; path = CharacterDetailCoordinator.swift; sourceTree = "<group>"; };
		7731C95D24128EE000867EA7 /* Errors.swift */ = {isa = PBXFileReference; lastKnownFileType = sourcecode.swift; path = Errors.swift; sourceTree = "<group>"; };
		7731C95F241299AF00867EA7 /* RMNavigationController.swift */ = {isa = PBXFileReference; lastKnownFileType = sourcecode.swift; path = RMNavigationController.swift; sourceTree = "<group>"; };
		7731C96124129BD500867EA7 /* Constants.swift */ = {isa = PBXFileReference; lastKnownFileType = sourcecode.swift; path = Constants.swift; sourceTree = "<group>"; };
		7731C96624129CE400867EA7 /* en */ = {isa = PBXFileReference; lastKnownFileType = text.plist.strings; name = en; path = en.lproj/Localizable.strings; sourceTree = "<group>"; };
		7731C96824129E1600867EA7 /* TestSceneDelegate.swift */ = {isa = PBXFileReference; lastKnownFileType = sourcecode.swift; path = TestSceneDelegate.swift; sourceTree = "<group>"; };
		7731C96C24129E6C00867EA7 /* CoordinatorMock.swift */ = {isa = PBXFileReference; lastKnownFileType = sourcecode.swift; path = CoordinatorMock.swift; sourceTree = "<group>"; };
		7731C96E2412A01900867EA7 /* CoordinatorTests.swift */ = {isa = PBXFileReference; lastKnownFileType = sourcecode.swift; path = CoordinatorTests.swift; sourceTree = "<group>"; };
/* End PBXFileReference section */

/* Begin PBXFrameworksBuildPhase section */
		7731C8D9241289FA00867EA7 /* Frameworks */ = {
			isa = PBXFrameworksBuildPhase;
			buildActionMask = 2147483647;
			files = (
			);
			runOnlyForDeploymentPostprocessing = 0;
		};
		7731C8EF241289FC00867EA7 /* Frameworks */ = {
			isa = PBXFrameworksBuildPhase;
			buildActionMask = 2147483647;
			files = (
			);
			runOnlyForDeploymentPostprocessing = 0;
		};
		7731C8FA241289FC00867EA7 /* Frameworks */ = {
			isa = PBXFrameworksBuildPhase;
			buildActionMask = 2147483647;
			files = (
			);
			runOnlyForDeploymentPostprocessing = 0;
		};
/* End PBXFrameworksBuildPhase section */

/* Begin PBXGroup section */
		7731C8D3241289FA00867EA7 = {
			isa = PBXGroup;
			children = (
				7731C8DE241289FA00867EA7 /* RickMortyUniverse */,
				7731C8F5241289FC00867EA7 /* RickMortyUniverseTests */,
				7731C900241289FC00867EA7 /* RickMortyUniverseUITests */,
				7731C8DD241289FA00867EA7 /* Products */,
			);
			sourceTree = "<group>";
		};
		7731C8DD241289FA00867EA7 /* Products */ = {
			isa = PBXGroup;
			children = (
				7731C8DC241289FA00867EA7 /* RickMortyUniverse.app */,
				7731C8F2241289FC00867EA7 /* RickMortyUniverseTests.xctest */,
				7731C8FD241289FC00867EA7 /* RickMortyUniverseUITests.xctest */,
			);
			name = Products;
			sourceTree = "<group>";
		};
		7731C8DE241289FA00867EA7 /* RickMortyUniverse */ = {
			isa = PBXGroup;
			children = (
				7731C91224128B4D00867EA7 /* App */,
				7731C94B24128E1C00867EA7 /* Coordinators */,
				7731C91824128B6A00867EA7 /* Views */,
				7731C91724128B6500867EA7 /* Extensions */,
				7731C91624128B6100867EA7 /* Protocols */,
				7731C91524128B5D00867EA7 /* Models */,
				7731C91124128B3B00867EA7 /* UI */,
				7731C91424128B5800867EA7 /* Services */,
				7731C91324128B5200867EA7 /* Networking */,
				7731C90F24128B2500867EA7 /* Storyboards */,
				7731C95C24128ECC00867EA7 /* Utilities */,
				7731C91024128B3200867EA7 /* Resources */,
				7731C8ED241289FC00867EA7 /* Info.plist */,
			);
			path = RickMortyUniverse;
			sourceTree = "<group>";
		};
		7731C8F5241289FC00867EA7 /* RickMortyUniverseTests */ = {
			isa = PBXGroup;
			children = (
				7731C96A24129E1E00867EA7 /* Coordinator Tests */,
				7731C96B24129E4F00867EA7 /* Mocks */,
				7731C96824129E1600867EA7 /* TestSceneDelegate.swift */,
				7731C8F8241289FC00867EA7 /* Info.plist */,
			);
			path = RickMortyUniverseTests;
			sourceTree = "<group>";
		};
		7731C900241289FC00867EA7 /* RickMortyUniverseUITests */ = {
			isa = PBXGroup;
			children = (
				7731C901241289FC00867EA7 /* RickMortyUniverseUITests.swift */,
				7731C903241289FC00867EA7 /* Info.plist */,
			);
			path = RickMortyUniverseUITests;
			sourceTree = "<group>";
		};
		7731C90F24128B2500867EA7 /* Storyboards */ = {
			isa = PBXGroup;
			children = (
				7731C8E5241289FA00867EA7 /* Main.storyboard */,
				7731C8EA241289FC00867EA7 /* LaunchScreen.storyboard */,
			);
			path = Storyboards;
			sourceTree = "<group>";
		};
		7731C91024128B3200867EA7 /* Resources */ = {
			isa = PBXGroup;
			children = (
				7731C8E8241289FC00867EA7 /* Assets.xcassets */,
				7731C96724129CE400867EA7 /* Localizable.strings */,
			);
			path = Resources;
			sourceTree = "<group>";
		};
		7731C91124128B3B00867EA7 /* UI */ = {
			isa = PBXGroup;
			children = (
				7731C93424128D8D00867EA7 /* CharacterDetail */,
				7731C93324128D8700867EA7 /* LocationDetail */,
				7731C93224128D8000867EA7 /* EpisodeDetail */,
				7731C92D24128D5700867EA7 /* Tabs */,
				7731C92C24128D4E00867EA7 /* Settings */,
			);
			path = UI;
			sourceTree = "<group>";
		};
		7731C91224128B4D00867EA7 /* App */ = {
			isa = PBXGroup;
			children = (
				7731C8DF241289FA00867EA7 /* AppDelegate.swift */,
				7731C8E1241289FA00867EA7 /* SceneDelegate.swift */,
			);
			path = App;
			sourceTree = "<group>";
		};
		7731C91324128B5200867EA7 /* Networking */ = {
			isa = PBXGroup;
			children = (
			);
			path = Networking;
			sourceTree = "<group>";
		};
		7731C91424128B5800867EA7 /* Services */ = {
			isa = PBXGroup;
			children = (
			);
			path = Services;
			sourceTree = "<group>";
		};
		7731C91524128B5D00867EA7 /* Models */ = {
			isa = PBXGroup;
			children = (
				7731C94124128DDF00867EA7 /* Character.swift */,
				7731C94324128DE400867EA7 /* Location.swift */,
				7731C94524128DEA00867EA7 /* Episode.swift */,
			);
			path = Models;
			sourceTree = "<group>";
		};
		7731C91624128B6100867EA7 /* Protocols */ = {
			isa = PBXGroup;
			children = (
				7731C91924128CDA00867EA7 /* Coordinator.swift */,
				7731C91B24128CE100867EA7 /* Storyboarded.swift */,
				7731C94724128DFC00867EA7 /* ViewModel.swift */,
				7731C94924128E0400867EA7 /* ModeledViewController.swift */,
			);
			path = Protocols;
			sourceTree = "<group>";
		};
		7731C91724128B6500867EA7 /* Extensions */ = {
			isa = PBXGroup;
			children = (
			);
			path = Extensions;
			sourceTree = "<group>";
		};
		7731C91824128B6A00867EA7 /* Views */ = {
			isa = PBXGroup;
			children = (
				7731C95F241299AF00867EA7 /* RMNavigationController.swift */,
			);
			path = Views;
			sourceTree = "<group>";
		};
		7731C91D24128CE900867EA7 /* Characters */ = {
			isa = PBXGroup;
			children = (
				7731C91E24128CF900867EA7 /* CharactersViewController.swift */,
				7731C92024128D0300867EA7 /* CharactersViewModel.swift */,
			);
			path = Characters;
			sourceTree = "<group>";
		};
		7731C92224128D0700867EA7 /* Locations */ = {
			isa = PBXGroup;
			children = (
				7731C92824128D3800867EA7 /* LocationsViewController.swift */,
				7731C92A24128D4000867EA7 /* LocationsViewModel.swift */,
			);
			path = Locations;
			sourceTree = "<group>";
		};
		7731C92324128D1000867EA7 /* Episodes */ = {
			isa = PBXGroup;
			children = (
				7731C92424128D2600867EA7 /* EpisodesViewController.swift */,
				7731C92624128D2E00867EA7 /* EpisodesViewModel.swift */,
			);
			path = Episodes;
			sourceTree = "<group>";
		};
		7731C92C24128D4E00867EA7 /* Settings */ = {
			isa = PBXGroup;
			children = (
				7731C92E24128D6B00867EA7 /* SettingsViewModel.swift */,
				7731C93024128D7400867EA7 /* SettingsViewController.swift */,
			);
			path = Settings;
			sourceTree = "<group>";
		};
		7731C92D24128D5700867EA7 /* Tabs */ = {
			isa = PBXGroup;
			children = (
				7731C91D24128CE900867EA7 /* Characters */,
				7731C92224128D0700867EA7 /* Locations */,
				7731C92324128D1000867EA7 /* Episodes */,
			);
			path = Tabs;
			sourceTree = "<group>";
		};
		7731C93224128D8000867EA7 /* EpisodeDetail */ = {
			isa = PBXGroup;
			children = (
				7731C93D24128DBF00867EA7 /* EpisodeDetailViewController.swift */,
				7731C93F24128DC900867EA7 /* EpisodeDetailViewModel.swift */,
			);
			path = EpisodeDetail;
			sourceTree = "<group>";
		};
		7731C93324128D8700867EA7 /* LocationDetail */ = {
			isa = PBXGroup;
			children = (
				7731C93924128DA900867EA7 /* LocationDetailViewController.swift */,
				7731C93B24128DB400867EA7 /* LocationDetailViewModel.swift */,
			);
			path = LocationDetail;
			sourceTree = "<group>";
		};
		7731C93424128D8D00867EA7 /* CharacterDetail */ = {
			isa = PBXGroup;
			children = (
				7731C93524128D9700867EA7 /* CharacterDetailViewController.swift */,
				7731C93724128DA000867EA7 /* CharacterDetailViewModel.swift */,
			);
			path = CharacterDetail;
			sourceTree = "<group>";
		};
		7731C94B24128E1C00867EA7 /* Coordinators */ = {
			isa = PBXGroup;
			children = (
				7731C94C24128E2700867EA7 /* AppCoordinator.swift */,
				7731C94E24128E3500867EA7 /* CharactersCoordinator.swift */,
				7731C95024128E4000867EA7 /* LocationsCoordinator.swift */,
				7731C95224128E4900867EA7 /* EpisodesCoordinator.swift */,
				7731C95424128E5000867EA7 /* SettingsCoordinator.swift */,
				7731C95624128E6300867EA7 /* LocationDetailCoordinator.swift */,
				7731C95824128E6D00867EA7 /* EpisodeDetailCoordinator.swift */,
				7731C95A24128E7600867EA7 /* CharacterDetailCoordinator.swift */,
			);
			path = Coordinators;
			sourceTree = "<group>";
		};
		7731C95C24128ECC00867EA7 /* Utilities */ = {
			isa = PBXGroup;
			children = (
				7731C95D24128EE000867EA7 /* Errors.swift */,
				7731C96124129BD500867EA7 /* Constants.swift */,
			);
			path = Utilities;
			sourceTree = "<group>";
		};
		7731C96A24129E1E00867EA7 /* Coordinator Tests */ = {
			isa = PBXGroup;
			children = (
				7731C96E2412A01900867EA7 /* CoordinatorTests.swift */,
			);
			path = "Coordinator Tests";
			sourceTree = "<group>";
		};
		7731C96B24129E4F00867EA7 /* Mocks */ = {
			isa = PBXGroup;
			children = (
				7731C96C24129E6C00867EA7 /* CoordinatorMock.swift */,
			);
			path = Mocks;
			sourceTree = "<group>";
		};
/* End PBXGroup section */

/* Begin PBXNativeTarget section */
		7731C8DB241289FA00867EA7 /* RickMortyUniverse */ = {
			isa = PBXNativeTarget;
			buildConfigurationList = 7731C906241289FC00867EA7 /* Build configuration list for PBXNativeTarget "RickMortyUniverse" */;
			buildPhases = (
				7731C8D8241289FA00867EA7 /* Sources */,
				7731C8D9241289FA00867EA7 /* Frameworks */,
				7731C8DA241289FA00867EA7 /* Resources */,
			);
			buildRules = (
			);
			dependencies = (
			);
			name = RickMortyUniverse;
			productName = RickMortyUniverse;
			productReference = 7731C8DC241289FA00867EA7 /* RickMortyUniverse.app */;
			productType = "com.apple.product-type.application";
		};
		7731C8F1241289FC00867EA7 /* RickMortyUniverseTests */ = {
			isa = PBXNativeTarget;
			buildConfigurationList = 7731C909241289FC00867EA7 /* Build configuration list for PBXNativeTarget "RickMortyUniverseTests" */;
			buildPhases = (
				7731C8EE241289FC00867EA7 /* Sources */,
				7731C8EF241289FC00867EA7 /* Frameworks */,
				7731C8F0241289FC00867EA7 /* Resources */,
			);
			buildRules = (
			);
			dependencies = (
				7731C8F4241289FC00867EA7 /* PBXTargetDependency */,
			);
			name = RickMortyUniverseTests;
			productName = RickMortyUniverseTests;
			productReference = 7731C8F2241289FC00867EA7 /* RickMortyUniverseTests.xctest */;
			productType = "com.apple.product-type.bundle.unit-test";
		};
		7731C8FC241289FC00867EA7 /* RickMortyUniverseUITests */ = {
			isa = PBXNativeTarget;
			buildConfigurationList = 7731C90C241289FC00867EA7 /* Build configuration list for PBXNativeTarget "RickMortyUniverseUITests" */;
			buildPhases = (
				7731C8F9241289FC00867EA7 /* Sources */,
				7731C8FA241289FC00867EA7 /* Frameworks */,
				7731C8FB241289FC00867EA7 /* Resources */,
			);
			buildRules = (
			);
			dependencies = (
				7731C8FF241289FC00867EA7 /* PBXTargetDependency */,
			);
			name = RickMortyUniverseUITests;
			productName = RickMortyUniverseUITests;
			productReference = 7731C8FD241289FC00867EA7 /* RickMortyUniverseUITests.xctest */;
			productType = "com.apple.product-type.bundle.ui-testing";
		};
/* End PBXNativeTarget section */

/* Begin PBXProject section */
		7731C8D4241289FA00867EA7 /* Project object */ = {
			isa = PBXProject;
			attributes = {
				LastSwiftUpdateCheck = 1130;
				LastUpgradeCheck = 1130;
				ORGANIZATIONNAME = "German Hernandez";
				TargetAttributes = {
					7731C8DB241289FA00867EA7 = {
						CreatedOnToolsVersion = 11.3.1;
					};
					7731C8F1241289FC00867EA7 = {
						CreatedOnToolsVersion = 11.3.1;
						TestTargetID = 7731C8DB241289FA00867EA7;
					};
					7731C8FC241289FC00867EA7 = {
						CreatedOnToolsVersion = 11.3.1;
						TestTargetID = 7731C8DB241289FA00867EA7;
					};
				};
			};
			buildConfigurationList = 7731C8D7241289FA00867EA7 /* Build configuration list for PBXProject "RickMortyUniverse" */;
			compatibilityVersion = "Xcode 9.3";
			developmentRegion = en;
			hasScannedForEncodings = 0;
			knownRegions = (
				en,
				Base,
			);
			mainGroup = 7731C8D3241289FA00867EA7;
			productRefGroup = 7731C8DD241289FA00867EA7 /* Products */;
			projectDirPath = "";
			projectRoot = "";
			targets = (
				7731C8DB241289FA00867EA7 /* RickMortyUniverse */,
				7731C8F1241289FC00867EA7 /* RickMortyUniverseTests */,
				7731C8FC241289FC00867EA7 /* RickMortyUniverseUITests */,
			);
		};
/* End PBXProject section */

/* Begin PBXResourcesBuildPhase section */
		7731C8DA241289FA00867EA7 /* Resources */ = {
			isa = PBXResourcesBuildPhase;
			buildActionMask = 2147483647;
			files = (
				7731C8EC241289FC00867EA7 /* LaunchScreen.storyboard in Resources */,
				7731C96524129CE400867EA7 /* Localizable.strings in Resources */,
				7731C8E9241289FC00867EA7 /* Assets.xcassets in Resources */,
				7731C8E7241289FA00867EA7 /* Main.storyboard in Resources */,
			);
			runOnlyForDeploymentPostprocessing = 0;
		};
		7731C8F0241289FC00867EA7 /* Resources */ = {
			isa = PBXResourcesBuildPhase;
			buildActionMask = 2147483647;
			files = (
			);
			runOnlyForDeploymentPostprocessing = 0;
		};
		7731C8FB241289FC00867EA7 /* Resources */ = {
			isa = PBXResourcesBuildPhase;
			buildActionMask = 2147483647;
			files = (
			);
			runOnlyForDeploymentPostprocessing = 0;
		};
/* End PBXResourcesBuildPhase section */

/* Begin PBXSourcesBuildPhase section */
		7731C8D8241289FA00867EA7 /* Sources */ = {
			isa = PBXSourcesBuildPhase;
			buildActionMask = 2147483647;
			files = (
				7731C93C24128DB400867EA7 /* LocationDetailViewModel.swift in Sources */,
				7731C96224129BD500867EA7 /* Constants.swift in Sources */,
				7731C92124128D0300867EA7 /* CharactersViewModel.swift in Sources */,
				7731C94424128DE400867EA7 /* Location.swift in Sources */,
				7731C95724128E6300867EA7 /* LocationDetailCoordinator.swift in Sources */,
				7731C95E24128EE000867EA7 /* Errors.swift in Sources */,
				7731C8E0241289FA00867EA7 /* AppDelegate.swift in Sources */,
				7731C92924128D3800867EA7 /* LocationsViewController.swift in Sources */,
				7731C92724128D2E00867EA7 /* EpisodesViewModel.swift in Sources */,
				7731C93E24128DBF00867EA7 /* EpisodeDetailViewController.swift in Sources */,
				7731C93A24128DA900867EA7 /* LocationDetailViewController.swift in Sources */,
				7731C95924128E6D00867EA7 /* EpisodeDetailCoordinator.swift in Sources */,
				7731C92524128D2600867EA7 /* EpisodesViewController.swift in Sources */,
				7731C8E2241289FA00867EA7 /* SceneDelegate.swift in Sources */,
				7731C91A24128CDA00867EA7 /* Coordinator.swift in Sources */,
				7731C94024128DC900867EA7 /* EpisodeDetailViewModel.swift in Sources */,
				7731C94F24128E3500867EA7 /* CharactersCoordinator.swift in Sources */,
				7731C94D24128E2700867EA7 /* AppCoordinator.swift in Sources */,
				7731C93824128DA000867EA7 /* CharacterDetailViewModel.swift in Sources */,
				7731C94A24128E0400867EA7 /* ModeledViewController.swift in Sources */,
				7731C91F24128CF900867EA7 /* CharactersViewController.swift in Sources */,
				7731C94824128DFC00867EA7 /* ViewModel.swift in Sources */,
				7731C93624128D9700867EA7 /* CharacterDetailViewController.swift in Sources */,
				7731C92F24128D6B00867EA7 /* SettingsViewModel.swift in Sources */,
				7731C94624128DEA00867EA7 /* Episode.swift in Sources */,
				7731C95124128E4000867EA7 /* LocationsCoordinator.swift in Sources */,
				7731C95324128E4900867EA7 /* EpisodesCoordinator.swift in Sources */,
				7731C91C24128CE100867EA7 /* Storyboarded.swift in Sources */,
				7731C92B24128D4000867EA7 /* LocationsViewModel.swift in Sources */,
				7731C95524128E5000867EA7 /* SettingsCoordinator.swift in Sources */,
				7731C95B24128E7600867EA7 /* CharacterDetailCoordinator.swift in Sources */,
				7731C93124128D7400867EA7 /* SettingsViewController.swift in Sources */,
				7731C960241299AF00867EA7 /* RMNavigationController.swift in Sources */,
				7731C94224128DDF00867EA7 /* Character.swift in Sources */,
			);
			runOnlyForDeploymentPostprocessing = 0;
		};
		7731C8EE241289FC00867EA7 /* Sources */ = {
			isa = PBXSourcesBuildPhase;
			buildActionMask = 2147483647;
			files = (
				7731C96D24129E6C00867EA7 /* CoordinatorMock.swift in Sources */,
				7731C96924129E1600867EA7 /* TestSceneDelegate.swift in Sources */,
				7731C96F2412A01900867EA7 /* CoordinatorTests.swift in Sources */,
			);
			runOnlyForDeploymentPostprocessing = 0;
		};
		7731C8F9241289FC00867EA7 /* Sources */ = {
			isa = PBXSourcesBuildPhase;
			buildActionMask = 2147483647;
			files = (
				7731C902241289FC00867EA7 /* RickMortyUniverseUITests.swift in Sources */,
			);
			runOnlyForDeploymentPostprocessing = 0;
		};
/* End PBXSourcesBuildPhase section */

/* Begin PBXTargetDependency section */
		7731C8F4241289FC00867EA7 /* PBXTargetDependency */ = {
			isa = PBXTargetDependency;
			target = 7731C8DB241289FA00867EA7 /* RickMortyUniverse */;
			targetProxy = 7731C8F3241289FC00867EA7 /* PBXContainerItemProxy */;
		};
		7731C8FF241289FC00867EA7 /* PBXTargetDependency */ = {
			isa = PBXTargetDependency;
			target = 7731C8DB241289FA00867EA7 /* RickMortyUniverse */;
			targetProxy = 7731C8FE241289FC00867EA7 /* PBXContainerItemProxy */;
		};
/* End PBXTargetDependency section */

/* Begin PBXVariantGroup section */
		7731C8E5241289FA00867EA7 /* Main.storyboard */ = {
			isa = PBXVariantGroup;
			children = (
				7731C8E6241289FA00867EA7 /* Base */,
			);
			name = Main.storyboard;
			sourceTree = "<group>";
		};
		7731C8EA241289FC00867EA7 /* LaunchScreen.storyboard */ = {
			isa = PBXVariantGroup;
			children = (
				7731C8EB241289FC00867EA7 /* Base */,
			);
			name = LaunchScreen.storyboard;
			sourceTree = "<group>";
		};
		7731C96724129CE400867EA7 /* Localizable.strings */ = {
			isa = PBXVariantGroup;
			children = (
				7731C96624129CE400867EA7 /* en */,
			);
			name = Localizable.strings;
			sourceTree = "<group>";
		};
/* End PBXVariantGroup section */

/* Begin XCBuildConfiguration section */
		7731C904241289FC00867EA7 /* Debug */ = {
			isa = XCBuildConfiguration;
			buildSettings = {
				ALWAYS_SEARCH_USER_PATHS = NO;
				CLANG_ANALYZER_NONNULL = YES;
				CLANG_ANALYZER_NUMBER_OBJECT_CONVERSION = YES_AGGRESSIVE;
				CLANG_CXX_LANGUAGE_STANDARD = "gnu++14";
				CLANG_CXX_LIBRARY = "libc++";
				CLANG_ENABLE_MODULES = YES;
				CLANG_ENABLE_OBJC_ARC = YES;
				CLANG_ENABLE_OBJC_WEAK = YES;
				CLANG_WARN_BLOCK_CAPTURE_AUTORELEASING = YES;
				CLANG_WARN_BOOL_CONVERSION = YES;
				CLANG_WARN_COMMA = YES;
				CLANG_WARN_CONSTANT_CONVERSION = YES;
				CLANG_WARN_DEPRECATED_OBJC_IMPLEMENTATIONS = YES;
				CLANG_WARN_DIRECT_OBJC_ISA_USAGE = YES_ERROR;
				CLANG_WARN_DOCUMENTATION_COMMENTS = YES;
				CLANG_WARN_EMPTY_BODY = YES;
				CLANG_WARN_ENUM_CONVERSION = YES;
				CLANG_WARN_INFINITE_RECURSION = YES;
				CLANG_WARN_INT_CONVERSION = YES;
				CLANG_WARN_NON_LITERAL_NULL_CONVERSION = YES;
				CLANG_WARN_OBJC_IMPLICIT_RETAIN_SELF = YES;
				CLANG_WARN_OBJC_LITERAL_CONVERSION = YES;
				CLANG_WARN_OBJC_ROOT_CLASS = YES_ERROR;
				CLANG_WARN_RANGE_LOOP_ANALYSIS = YES;
				CLANG_WARN_STRICT_PROTOTYPES = YES;
				CLANG_WARN_SUSPICIOUS_MOVE = YES;
				CLANG_WARN_UNGUARDED_AVAILABILITY = YES_AGGRESSIVE;
				CLANG_WARN_UNREACHABLE_CODE = YES;
				CLANG_WARN__DUPLICATE_METHOD_MATCH = YES;
				COPY_PHASE_STRIP = NO;
				DEBUG_INFORMATION_FORMAT = dwarf;
				ENABLE_STRICT_OBJC_MSGSEND = YES;
				ENABLE_TESTABILITY = YES;
				GCC_C_LANGUAGE_STANDARD = gnu11;
				GCC_DYNAMIC_NO_PIC = NO;
				GCC_NO_COMMON_BLOCKS = YES;
				GCC_OPTIMIZATION_LEVEL = 0;
				GCC_PREPROCESSOR_DEFINITIONS = (
					"DEBUG=1",
					"$(inherited)",
				);
				GCC_WARN_64_TO_32_BIT_CONVERSION = YES;
				GCC_WARN_ABOUT_RETURN_TYPE = YES_ERROR;
				GCC_WARN_UNDECLARED_SELECTOR = YES;
				GCC_WARN_UNINITIALIZED_AUTOS = YES_AGGRESSIVE;
				GCC_WARN_UNUSED_FUNCTION = YES;
				GCC_WARN_UNUSED_VARIABLE = YES;
				IPHONEOS_DEPLOYMENT_TARGET = 13.2;
				MTL_ENABLE_DEBUG_INFO = INCLUDE_SOURCE;
				MTL_FAST_MATH = YES;
				ONLY_ACTIVE_ARCH = YES;
				SDKROOT = iphoneos;
				SWIFT_ACTIVE_COMPILATION_CONDITIONS = DEBUG;
				SWIFT_OPTIMIZATION_LEVEL = "-Onone";
			};
			name = Debug;
		};
		7731C905241289FC00867EA7 /* Release */ = {
			isa = XCBuildConfiguration;
			buildSettings = {
				ALWAYS_SEARCH_USER_PATHS = NO;
				CLANG_ANALYZER_NONNULL = YES;
				CLANG_ANALYZER_NUMBER_OBJECT_CONVERSION = YES_AGGRESSIVE;
				CLANG_CXX_LANGUAGE_STANDARD = "gnu++14";
				CLANG_CXX_LIBRARY = "libc++";
				CLANG_ENABLE_MODULES = YES;
				CLANG_ENABLE_OBJC_ARC = YES;
				CLANG_ENABLE_OBJC_WEAK = YES;
				CLANG_WARN_BLOCK_CAPTURE_AUTORELEASING = YES;
				CLANG_WARN_BOOL_CONVERSION = YES;
				CLANG_WARN_COMMA = YES;
				CLANG_WARN_CONSTANT_CONVERSION = YES;
				CLANG_WARN_DEPRECATED_OBJC_IMPLEMENTATIONS = YES;
				CLANG_WARN_DIRECT_OBJC_ISA_USAGE = YES_ERROR;
				CLANG_WARN_DOCUMENTATION_COMMENTS = YES;
				CLANG_WARN_EMPTY_BODY = YES;
				CLANG_WARN_ENUM_CONVERSION = YES;
				CLANG_WARN_INFINITE_RECURSION = YES;
				CLANG_WARN_INT_CONVERSION = YES;
				CLANG_WARN_NON_LITERAL_NULL_CONVERSION = YES;
				CLANG_WARN_OBJC_IMPLICIT_RETAIN_SELF = YES;
				CLANG_WARN_OBJC_LITERAL_CONVERSION = YES;
				CLANG_WARN_OBJC_ROOT_CLASS = YES_ERROR;
				CLANG_WARN_RANGE_LOOP_ANALYSIS = YES;
				CLANG_WARN_STRICT_PROTOTYPES = YES;
				CLANG_WARN_SUSPICIOUS_MOVE = YES;
				CLANG_WARN_UNGUARDED_AVAILABILITY = YES_AGGRESSIVE;
				CLANG_WARN_UNREACHABLE_CODE = YES;
				CLANG_WARN__DUPLICATE_METHOD_MATCH = YES;
				COPY_PHASE_STRIP = NO;
				DEBUG_INFORMATION_FORMAT = "dwarf-with-dsym";
				ENABLE_NS_ASSERTIONS = NO;
				ENABLE_STRICT_OBJC_MSGSEND = YES;
				GCC_C_LANGUAGE_STANDARD = gnu11;
				GCC_NO_COMMON_BLOCKS = YES;
				GCC_WARN_64_TO_32_BIT_CONVERSION = YES;
				GCC_WARN_ABOUT_RETURN_TYPE = YES_ERROR;
				GCC_WARN_UNDECLARED_SELECTOR = YES;
				GCC_WARN_UNINITIALIZED_AUTOS = YES_AGGRESSIVE;
				GCC_WARN_UNUSED_FUNCTION = YES;
				GCC_WARN_UNUSED_VARIABLE = YES;
				IPHONEOS_DEPLOYMENT_TARGET = 13.2;
				MTL_ENABLE_DEBUG_INFO = NO;
				MTL_FAST_MATH = YES;
				SDKROOT = iphoneos;
				SWIFT_COMPILATION_MODE = wholemodule;
				SWIFT_OPTIMIZATION_LEVEL = "-O";
				VALIDATE_PRODUCT = YES;
			};
			name = Release;
		};
		7731C907241289FC00867EA7 /* Debug */ = {
			isa = XCBuildConfiguration;
			buildSettings = {
				ASSETCATALOG_COMPILER_APPICON_NAME = AppIcon;
				CODE_SIGN_STYLE = Automatic;
				DEVELOPMENT_TEAM = HXU4QPBL2H;
				INFOPLIST_FILE = RickMortyUniverse/Info.plist;
				IPHONEOS_DEPLOYMENT_TARGET = 13.0;
				LD_RUNPATH_SEARCH_PATHS = (
					"$(inherited)",
					"@executable_path/Frameworks",
				);
				PRODUCT_BUNDLE_IDENTIFIER = com.germanhernandez.RickMortyUniverse;
				PRODUCT_NAME = "$(TARGET_NAME)";
				SWIFT_VERSION = 5.0;
				TARGETED_DEVICE_FAMILY = 1;
			};
			name = Debug;
		};
		7731C908241289FC00867EA7 /* Release */ = {
			isa = XCBuildConfiguration;
			buildSettings = {
				ASSETCATALOG_COMPILER_APPICON_NAME = AppIcon;
				CODE_SIGN_STYLE = Automatic;
				DEVELOPMENT_TEAM = HXU4QPBL2H;
				INFOPLIST_FILE = RickMortyUniverse/Info.plist;
				IPHONEOS_DEPLOYMENT_TARGET = 13.0;
				LD_RUNPATH_SEARCH_PATHS = (
					"$(inherited)",
					"@executable_path/Frameworks",
				);
				PRODUCT_BUNDLE_IDENTIFIER = com.germanhernandez.RickMortyUniverse;
				PRODUCT_NAME = "$(TARGET_NAME)";
				SWIFT_VERSION = 5.0;
				TARGETED_DEVICE_FAMILY = 1;
			};
			name = Release;
		};
		7731C90A241289FC00867EA7 /* Debug */ = {
			isa = XCBuildConfiguration;
			buildSettings = {
				ALWAYS_EMBED_SWIFT_STANDARD_LIBRARIES = YES;
				BUNDLE_LOADER = "$(TEST_HOST)";
				CODE_SIGN_STYLE = Automatic;
				DEVELOPMENT_TEAM = HXU4QPBL2H;
				INFOPLIST_FILE = RickMortyUniverseTests/Info.plist;
				IPHONEOS_DEPLOYMENT_TARGET = 13.2;
				LD_RUNPATH_SEARCH_PATHS = (
					"$(inherited)",
					"@executable_path/Frameworks",
					"@loader_path/Frameworks",
				);
				PRODUCT_BUNDLE_IDENTIFIER = com.germanhernandez.RickMortyUniverseTests;
				PRODUCT_NAME = "$(TARGET_NAME)";
				SWIFT_VERSION = 5.0;
				TARGETED_DEVICE_FAMILY = "1,2";
				TEST_HOST = "$(BUILT_PRODUCTS_DIR)/RickMortyUniverse.app/RickMortyUniverse";
			};
			name = Debug;
		};
		7731C90B241289FC00867EA7 /* Release */ = {
			isa = XCBuildConfiguration;
			buildSettings = {
				ALWAYS_EMBED_SWIFT_STANDARD_LIBRARIES = YES;
				BUNDLE_LOADER = "$(TEST_HOST)";
				CODE_SIGN_STYLE = Automatic;
				DEVELOPMENT_TEAM = HXU4QPBL2H;
				INFOPLIST_FILE = RickMortyUniverseTests/Info.plist;
				IPHONEOS_DEPLOYMENT_TARGET = 13.2;
				LD_RUNPATH_SEARCH_PATHS = (
					"$(inherited)",
					"@executable_path/Frameworks",
					"@loader_path/Frameworks",
				);
				PRODUCT_BUNDLE_IDENTIFIER = com.germanhernandez.RickMortyUniverseTests;
				PRODUCT_NAME = "$(TARGET_NAME)";
				SWIFT_VERSION = 5.0;
				TARGETED_DEVICE_FAMILY = "1,2";
				TEST_HOST = "$(BUILT_PRODUCTS_DIR)/RickMortyUniverse.app/RickMortyUniverse";
			};
			name = Release;
		};
		7731C90D241289FC00867EA7 /* Debug */ = {
			isa = XCBuildConfiguration;
			buildSettings = {
				ALWAYS_EMBED_SWIFT_STANDARD_LIBRARIES = YES;
				CODE_SIGN_STYLE = Automatic;
				DEVELOPMENT_TEAM = HXU4QPBL2H;
				INFOPLIST_FILE = RickMortyUniverseUITests/Info.plist;
				LD_RUNPATH_SEARCH_PATHS = (
					"$(inherited)",
					"@executable_path/Frameworks",
					"@loader_path/Frameworks",
				);
				PRODUCT_BUNDLE_IDENTIFIER = com.germanhernandez.RickMortyUniverseUITests;
				PRODUCT_NAME = "$(TARGET_NAME)";
				SWIFT_VERSION = 5.0;
				TARGETED_DEVICE_FAMILY = "1,2";
				TEST_TARGET_NAME = RickMortyUniverse;
			};
			name = Debug;
		};
		7731C90E241289FC00867EA7 /* Release */ = {
			isa = XCBuildConfiguration;
			buildSettings = {
				ALWAYS_EMBED_SWIFT_STANDARD_LIBRARIES = YES;
				CODE_SIGN_STYLE = Automatic;
				DEVELOPMENT_TEAM = HXU4QPBL2H;
				INFOPLIST_FILE = RickMortyUniverseUITests/Info.plist;
				LD_RUNPATH_SEARCH_PATHS = (
					"$(inherited)",
					"@executable_path/Frameworks",
					"@loader_path/Frameworks",
				);
				PRODUCT_BUNDLE_IDENTIFIER = com.germanhernandez.RickMortyUniverseUITests;
				PRODUCT_NAME = "$(TARGET_NAME)";
				SWIFT_VERSION = 5.0;
				TARGETED_DEVICE_FAMILY = "1,2";
				TEST_TARGET_NAME = RickMortyUniverse;
			};
			name = Release;
		};
/* End XCBuildConfiguration section */

/* Begin XCConfigurationList section */
		7731C8D7241289FA00867EA7 /* Build configuration list for PBXProject "RickMortyUniverse" */ = {
			isa = XCConfigurationList;
			buildConfigurations = (
				7731C904241289FC00867EA7 /* Debug */,
				7731C905241289FC00867EA7 /* Release */,
			);
			defaultConfigurationIsVisible = 0;
			defaultConfigurationName = Release;
		};
		7731C906241289FC00867EA7 /* Build configuration list for PBXNativeTarget "RickMortyUniverse" */ = {
			isa = XCConfigurationList;
			buildConfigurations = (
				7731C907241289FC00867EA7 /* Debug */,
				7731C908241289FC00867EA7 /* Release */,
			);
			defaultConfigurationIsVisible = 0;
			defaultConfigurationName = Release;
		};
		7731C909241289FC00867EA7 /* Build configuration list for PBXNativeTarget "RickMortyUniverseTests" */ = {
			isa = XCConfigurationList;
			buildConfigurations = (
				7731C90A241289FC00867EA7 /* Debug */,
				7731C90B241289FC00867EA7 /* Release */,
			);
			defaultConfigurationIsVisible = 0;
			defaultConfigurationName = Release;
		};
		7731C90C241289FC00867EA7 /* Build configuration list for PBXNativeTarget "RickMortyUniverseUITests" */ = {
			isa = XCConfigurationList;
			buildConfigurations = (
				7731C90D241289FC00867EA7 /* Debug */,
				7731C90E241289FC00867EA7 /* Release */,
			);
			defaultConfigurationIsVisible = 0;
			defaultConfigurationName = Release;
		};
/* End XCConfigurationList section */
	};
	rootObject = 7731C8D4241289FA00867EA7 /* Project object */;
}
